
Microsoft Visual Studio Solution File, Format Version 12.00
# Visual Studio Version 17
VisualStudioVersion = 17.10.35013.160
MinimumVisualStudioVersion = 10.0.40219.1
Project("{FAE04EC0-301F-11D3-BF4B-00C04F79EFBC}") = "Weather App", "Weather App\Weather App.csproj", "{296E231F-0300-4105-AFFF-1A6D7E5A6640}"
EndProject
Global
	GlobalSection(SolutionConfigurationPlatforms) = preSolution
		Debug|Any CPU = Debug|Any CPU
		Release|Any CPU = Release|Any CPU
	EndGlobalSection
	GlobalSection(ProjectConfigurationPlatforms) = postSolution
		{296E231F-0300-4105-AFFF-1A6D7E5A6640}.Debug|Any CPU.ActiveCfg = Debug|Any CPU
		{296E231F-0300-4105-AFFF-1A6D7E5A6640}.Debug|Any CPU.Build.0 = Debug|Any CPU
		{296E231F-0300-4105-AFFF-1A6D7E5A6640}.Debug|Any CPU.Deploy.0 = Debug|Any CPU
		{296E231F-0300-4105-AFFF-1A6D7E5A6640}.Release|Any CPU.ActiveCfg = Release|Any CPU
		{296E231F-0300-4105-AFFF-1A6D7E5A6640}.Release|Any CPU.Build.0 = Release|Any CPU
		{296E231F-0300-4105-AFFF-1A6D7E5A6640}.Release|Any CPU.Deploy.0 = Release|Any CPU
	EndGlobalSection
	GlobalSection(SolutionProperties) = preSolution
		HideSolutionNode = FALSE
	EndGlobalSection
	GlobalSection(ExtensibilityGlobals) = postSolution
		SolutionGuid = {F69CBA56-3380-4B08-A8DA-39303E08FC53}
	EndGlobalSection
EndGlobal
